
Microsoft Visual Studio Solution File, Format Version 12.00
# Visual Studio Version 16
VisualStudioVersion = 16.0.30320.27
MinimumVisualStudioVersion = 10.0.40219.1
Project("{FAE04EC0-301F-11D3-BF4B-00C04F79EFBC}") = "GameApp", "GameApp.csproj", "{B4BC869B-7A10-485A-9D0B-C34B87AC586B}"
EndProject
Global
	GlobalSection(SolutionConfigurationPlatforms) = preSolution
		Debug|Any CPU = Debug|Any CPU
		Release|Any CPU = Release|Any CPU
	EndGlobalSection
	GlobalSection(ProjectConfigurationPlatforms) = postSolution
		{B4BC869B-7A10-485A-9D0B-C34B87AC586B}.Debug|Any CPU.ActiveCfg = Debug|Any CPU
		{B4BC869B-7A10-485A-9D0B-C34B87AC586B}.Debug|Any CPU.Build.0 = Debug|Any CPU
		{B4BC869B-7A10-485A-9D0B-C34B87AC586B}.Release|Any CPU.ActiveCfg = Release|Any CPU
		{B4BC869B-7A10-485A-9D0B-C34B87AC586B}.Release|Any CPU.Build.0 = Release|Any CPU
	EndGlobalSection
	GlobalSection(SolutionProperties) = preSolution
		HideSolutionNode = FALSE
	EndGlobalSection
	GlobalSection(ExtensibilityGlobals) = postSolution
		SolutionGuid = {C8432CBF-E30E-4F60-9DAB-6083385CBE9B}
	EndGlobalSection
EndGlobal
