
Microsoft Visual Studio Solution File, Format Version 12.00
# Visual Studio Version 16
VisualStudioVersion = 16.0.30320.27
MinimumVisualStudioVersion = 10.0.40219.1
Project("{FAE04EC0-301F-11D3-BF4B-00C04F79EFBC}") = "ConsoleLinked", "ConsoleLinked.csproj", "{5C333BD4-EBCE-4F11-A461-BD98581F470C}"
EndProject
Global
	GlobalSection(SolutionConfigurationPlatforms) = preSolution
		Debug|Any CPU = Debug|Any CPU
		Release|Any CPU = Release|Any CPU
	EndGlobalSection
	GlobalSection(ProjectConfigurationPlatforms) = postSolution
		{5C333BD4-EBCE-4F11-A461-BD98581F470C}.Debug|Any CPU.ActiveCfg = Debug|Any CPU
		{5C333BD4-EBCE-4F11-A461-BD98581F470C}.Debug|Any CPU.Build.0 = Debug|Any CPU
		{5C333BD4-EBCE-4F11-A461-BD98581F470C}.Release|Any CPU.ActiveCfg = Release|Any CPU
		{5C333BD4-EBCE-4F11-A461-BD98581F470C}.Release|Any CPU.Build.0 = Release|Any CPU
	EndGlobalSection
	GlobalSection(SolutionProperties) = preSolution
		HideSolutionNode = FALSE
	EndGlobalSection
	GlobalSection(ExtensibilityGlobals) = postSolution
		SolutionGuid = {5A0EDC99-D282-4BB1-AC5E-0D33286F7B69}
	EndGlobalSection
EndGlobal
