
Microsoft Visual Studio Solution File, Format Version 12.00
# Visual Studio Version 16
VisualStudioVersion = 16.0.30320.27
MinimumVisualStudioVersion = 10.0.40219.1
Project("{FAE04EC0-301F-11D3-BF4B-00C04F79EFBC}") = "ConsoleAccess", "ConsoleAccess.csproj", "{A33AB3E3-90B9-4E08-A9ED-5015DD40DE11}"
EndProject
Global
	GlobalSection(SolutionConfigurationPlatforms) = preSolution
		Debug|Any CPU = Debug|Any CPU
		Release|Any CPU = Release|Any CPU
	EndGlobalSection
	GlobalSection(ProjectConfigurationPlatforms) = postSolution
		{A33AB3E3-90B9-4E08-A9ED-5015DD40DE11}.Debug|Any CPU.ActiveCfg = Debug|Any CPU
		{A33AB3E3-90B9-4E08-A9ED-5015DD40DE11}.Debug|Any CPU.Build.0 = Debug|Any CPU
		{A33AB3E3-90B9-4E08-A9ED-5015DD40DE11}.Release|Any CPU.ActiveCfg = Release|Any CPU
		{A33AB3E3-90B9-4E08-A9ED-5015DD40DE11}.Release|Any CPU.Build.0 = Release|Any CPU
	EndGlobalSection
	GlobalSection(SolutionProperties) = preSolution
		HideSolutionNode = FALSE
	EndGlobalSection
	GlobalSection(ExtensibilityGlobals) = postSolution
		SolutionGuid = {AC0E8C28-35EA-48CB-AD5E-989F4B61F148}
	EndGlobalSection
EndGlobal
